// !$*UTF8*$!
{
	archiveVersion = 1;
	classes = {
	};
	objectVersion = 48;
	objects = {

/* Begin PBXBuildFile section */
		264FF2A2B1EF3876FC1B869F /* libPods-MapsTest.a in Frameworks */ = {isa = PBXBuildFile; fileRef = EDF79DF5563B8DC64E3E5183 /* libPods-MapsTest.a */; };
		842FCBAF2034A58200B78F4B /* SetLocationDelegate.swift in Sources */ = {isa = PBXBuildFile; fileRef = 842FCBAE2034A58100B78F4B /* SetLocationDelegate.swift */; };
		84618F4B202C96C200F8E1C6 /* GMapsViewController.swift in Sources */ = {isa = PBXBuildFile; fileRef = 84618F4A202C96C200F8E1C6 /* GMapsViewController.swift */; };
		84E72C67202C75960038455C /* AppDelegate.swift in Sources */ = {isa = PBXBuildFile; fileRef = 84E72C66202C75960038455C /* AppDelegate.swift */; };
		84E72C69202C75960038455C /* ViewController.swift in Sources */ = {isa = PBXBuildFile; fileRef = 84E72C68202C75960038455C /* ViewController.swift */; };
		84E72C6C202C75960038455C /* Main.storyboard in Resources */ = {isa = PBXBuildFile; fileRef = 84E72C6A202C75960038455C /* Main.storyboard */; };
		84E72C6F202C75960038455C /* MapsTest.xcdatamodeld in Sources */ = {isa = PBXBuildFile; fileRef = 84E72C6D202C75960038455C /* MapsTest.xcdatamodeld */; };
		84E72C71202C75960038455C /* Assets.xcassets in Resources */ = {isa = PBXBuildFile; fileRef = 84E72C70202C75960038455C /* Assets.xcassets */; };
		84E72C74202C75960038455C /* LaunchScreen.storyboard in Resources */ = {isa = PBXBuildFile; fileRef = 84E72C72202C75960038455C /* LaunchScreen.storyboard */; };
/* End PBXBuildFile section */

/* Begin PBXFileReference section */
		60AF434A6237DD6338036A84 /* Pods-MapsTest.release.xcconfig */ = {isa = PBXFileReference; includeInIndex = 1; lastKnownFileType = text.xcconfig; name = "Pods-MapsTest.release.xcconfig"; path = "Pods/Target Support Files/Pods-MapsTest/Pods-MapsTest.release.xcconfig"; sourceTree = "<group>"; };
		842FCBAE2034A58100B78F4B /* SetLocationDelegate.swift */ = {isa = PBXFileReference; fileEncoding = 4; lastKnownFileType = sourcecode.swift; path = SetLocationDelegate.swift; sourceTree = "<group>"; };
		84618F4A202C96C200F8E1C6 /* GMapsViewController.swift */ = {isa = PBXFileReference; lastKnownFileType = sourcecode.swift; path = GMapsViewController.swift; sourceTree = "<group>"; };
		84E72C63202C75960038455C /* MapsTest.app */ = {isa = PBXFileReference; explicitFileType = wrapper.application; includeInIndex = 0; path = MapsTest.app; sourceTree = BUILT_PRODUCTS_DIR; };
		84E72C66202C75960038455C /* AppDelegate.swift */ = {isa = PBXFileReference; lastKnownFileType = sourcecode.swift; path = AppDelegate.swift; sourceTree = "<group>"; };
		84E72C68202C75960038455C /* ViewController.swift */ = {isa = PBXFileReference; lastKnownFileType = sourcecode.swift; path = ViewController.swift; sourceTree = "<group>"; };
		84E72C6B202C75960038455C /* Base */ = {isa = PBXFileReference; lastKnownFileType = file.storyboard; name = Base; path = Base.lproj/Main.storyboard; sourceTree = "<group>"; };
		84E72C6E202C75960038455C /* MapsTest.xcdatamodel */ = {isa = PBXFileReference; lastKnownFileType = wrapper.xcdatamodel; path = MapsTest.xcdatamodel; sourceTree = "<group>"; };
		84E72C70202C75960038455C /* Assets.xcassets */ = {isa = PBXFileReference; lastKnownFileType = folder.assetcatalog; path = Assets.xcassets; sourceTree = "<group>"; };
		84E72C73202C75960038455C /* Base */ = {isa = PBXFileReference; lastKnownFileType = file.storyboard; name = Base; path = Base.lproj/LaunchScreen.storyboard; sourceTree = "<group>"; };
		84E72C75202C75960038455C /* Info.plist */ = {isa = PBXFileReference; lastKnownFileType = text.plist.xml; path = Info.plist; sourceTree = "<group>"; };
		CED67E694D4F9F6ACBD33BE1 /* Pods-MapsTest.debug.xcconfig */ = {isa = PBXFileReference; includeInIndex = 1; lastKnownFileType = text.xcconfig; name = "Pods-MapsTest.debug.xcconfig"; path = "Pods/Target Support Files/Pods-MapsTest/Pods-MapsTest.debug.xcconfig"; sourceTree = "<group>"; };
		EDF79DF5563B8DC64E3E5183 /* libPods-MapsTest.a */ = {isa = PBXFileReference; explicitFileType = archive.ar; includeInIndex = 0; path = "libPods-MapsTest.a"; sourceTree = BUILT_PRODUCTS_DIR; };
/* End PBXFileReference section */

/* Begin PBXFrameworksBuildPhase section */
		84E72C60202C75950038455C /* Frameworks */ = {
			isa = PBXFrameworksBuildPhase;
			buildActionMask = 2147483647;
			files = (
				264FF2A2B1EF3876FC1B869F /* libPods-MapsTest.a in Frameworks */,
			);
			runOnlyForDeploymentPostprocessing = 0;
		};
/* End PBXFrameworksBuildPhase section */

/* Begin PBXGroup section */
		325333ACCDBD17C19D659136 /* Pods */ = {
			isa = PBXGroup;
			children = (
				CED67E694D4F9F6ACBD33BE1 /* Pods-MapsTest.debug.xcconfig */,
				60AF434A6237DD6338036A84 /* Pods-MapsTest.release.xcconfig */,
			);
			name = Pods;
			sourceTree = "<group>";
		};
		84E72C5A202C75950038455C = {
			isa = PBXGroup;
			children = (
				84E72C65202C75960038455C /* MapsTest */,
				84E72C64202C75960038455C /* Products */,
				325333ACCDBD17C19D659136 /* Pods */,
				A3502AA31315558B206F81A7 /* Frameworks */,
			);
			sourceTree = "<group>";
		};
		84E72C64202C75960038455C /* Products */ = {
			isa = PBXGroup;
			children = (
				84E72C63202C75960038455C /* MapsTest.app */,
			);
			name = Products;
			sourceTree = "<group>";
		};
		84E72C65202C75960038455C /* MapsTest */ = {
			isa = PBXGroup;
			children = (
				842FCBAE2034A58100B78F4B /* SetLocationDelegate.swift */,
				84E72C66202C75960038455C /* AppDelegate.swift */,
				84E72C68202C75960038455C /* ViewController.swift */,
				84618F4A202C96C200F8E1C6 /* GMapsViewController.swift */,
				84E72C6A202C75960038455C /* Main.storyboard */,
				84E72C70202C75960038455C /* Assets.xcassets */,
				84E72C72202C75960038455C /* LaunchScreen.storyboard */,
				84E72C75202C75960038455C /* Info.plist */,
				84E72C6D202C75960038455C /* MapsTest.xcdatamodeld */,
			);
			path = MapsTest;
			sourceTree = "<group>";
		};
		A3502AA31315558B206F81A7 /* Frameworks */ = {
			isa = PBXGroup;
			children = (
				EDF79DF5563B8DC64E3E5183 /* libPods-MapsTest.a */,
			);
			name = Frameworks;
			sourceTree = "<group>";
		};
/* End PBXGroup section */

/* Begin PBXNativeTarget section */
		84E72C62202C75950038455C /* MapsTest */ = {
			isa = PBXNativeTarget;
			buildConfigurationList = 84E72C78202C75960038455C /* Build configuration list for PBXNativeTarget "MapsTest" */;
			buildPhases = (
				4F1FD9ABFF445666323C9E4A /* [CP] Check Pods Manifest.lock */,
				84E72C5F202C75950038455C /* Sources */,
				84E72C60202C75950038455C /* Frameworks */,
				84E72C61202C75950038455C /* Resources */,
				F210AC13B281EA3ABEAFE9BD /* [CP] Embed Pods Frameworks */,
				721F4C5B0613E78A7304BB4B /* [CP] Copy Pods Resources */,
			);
			buildRules = (
			);
			dependencies = (
			);
			name = MapsTest;
			productName = MapsTest;
			productReference = 84E72C63202C75960038455C /* MapsTest.app */;
			productType = "com.apple.product-type.application";
		};
/* End PBXNativeTarget section */

/* Begin PBXProject section */
		84E72C5B202C75950038455C /* Project object */ = {
			isa = PBXProject;
			attributes = {
				LastSwiftUpdateCheck = 0910;
				LastUpgradeCheck = 0910;
				ORGANIZATIONNAME = Admin;
				TargetAttributes = {
					84E72C62202C75950038455C = {
						CreatedOnToolsVersion = 9.1;
						ProvisioningStyle = Automatic;
					};
				};
			};
			buildConfigurationList = 84E72C5E202C75950038455C /* Build configuration list for PBXProject "MapsTest" */;
			compatibilityVersion = "Xcode 8.0";
			developmentRegion = en;
			hasScannedForEncodings = 0;
			knownRegions = (
				en,
				Base,
			);
			mainGroup = 84E72C5A202C75950038455C;
			productRefGroup = 84E72C64202C75960038455C /* Products */;
			projectDirPath = "";
			projectRoot = "";
			targets = (
				84E72C62202C75950038455C /* MapsTest */,
			);
		};
/* End PBXProject section */

/* Begin PBXResourcesBuildPhase section */
		84E72C61202C75950038455C /* Resources */ = {
			isa = PBXResourcesBuildPhase;
			buildActionMask = 2147483647;
			files = (
				84E72C74202C75960038455C /* LaunchScreen.storyboard in Resources */,
				84E72C71202C75960038455C /* Assets.xcassets in Resources */,
				84E72C6C202C75960038455C /* Main.storyboard in Resources */,
			);
			runOnlyForDeploymentPostprocessing = 0;
		};
/* End PBXResourcesBuildPhase section */

/* Begin PBXShellScriptBuildPhase section */
		4F1FD9ABFF445666323C9E4A /* [CP] Check Pods Manifest.lock */ = {
			isa = PBXShellScriptBuildPhase;
			buildActionMask = 2147483647;
			files = (
			);
			inputPaths = (
				"${PODS_PODFILE_DIR_PATH}/Podfile.lock",
				"${PODS_ROOT}/Manifest.lock",
			);
			name = "[CP] Check Pods Manifest.lock";
			outputPaths = (
				"$(DERIVED_FILE_DIR)/Pods-MapsTest-checkManifestLockResult.txt",
			);
			runOnlyForDeploymentPostprocessing = 0;
			shellPath = /bin/sh;
			shellScript = "diff \"${PODS_PODFILE_DIR_PATH}/Podfile.lock\" \"${PODS_ROOT}/Manifest.lock\" > /dev/null\nif [ $? != 0 ] ; then\n    # print error to STDERR\n    echo \"error: The sandbox is not in sync with the Podfile.lock. Run 'pod install' or update your CocoaPods installation.\" >&2\n    exit 1\nfi\n# This output is used by Xcode 'outputs' to avoid re-running this script phase.\necho \"SUCCESS\" > \"${SCRIPT_OUTPUT_FILE_0}\"\n";
			showEnvVarsInLog = 0;
		};
		721F4C5B0613E78A7304BB4B /* [CP] Copy Pods Resources */ = {
			isa = PBXShellScriptBuildPhase;
			buildActionMask = 2147483647;
			files = (
			);
			inputPaths = (
				"${SRCROOT}/Pods/Target Support Files/Pods-MapsTest/Pods-MapsTest-resources.sh",
				"${PODS_ROOT}/GoogleMaps/Maps/Frameworks/GoogleMaps.framework/Resources/GoogleMaps.bundle",
				"${PODS_ROOT}/GooglePlacePicker/Frameworks/GooglePlacePicker.framework/Resources/GooglePlacePicker.bundle",
				"${PODS_ROOT}/GooglePlaces/Frameworks/GooglePlaces.framework/Resources/GooglePlaces.bundle",
			);
			name = "[CP] Copy Pods Resources";
			outputPaths = (
				"${TARGET_BUILD_DIR}/${UNLOCALIZED_RESOURCES_FOLDER_PATH}",
			);
			runOnlyForDeploymentPostprocessing = 0;
			shellPath = /bin/sh;
			shellScript = "\"${SRCROOT}/Pods/Target Support Files/Pods-MapsTest/Pods-MapsTest-resources.sh\"\n";
			showEnvVarsInLog = 0;
		};
		F210AC13B281EA3ABEAFE9BD /* [CP] Embed Pods Frameworks */ = {
			isa = PBXShellScriptBuildPhase;
			buildActionMask = 2147483647;
			files = (
			);
			inputPaths = (
			);
			name = "[CP] Embed Pods Frameworks";
			outputPaths = (
			);
			runOnlyForDeploymentPostprocessing = 0;
			shellPath = /bin/sh;
			shellScript = "\"${SRCROOT}/Pods/Target Support Files/Pods-MapsTest/Pods-MapsTest-frameworks.sh\"\n";
			showEnvVarsInLog = 0;
		};
/* End PBXShellScriptBuildPhase section */

/* Begin PBXSourcesBuildPhase section */
		84E72C5F202C75950038455C /* Sources */ = {
			isa = PBXSourcesBuildPhase;
			buildActionMask = 2147483647;
			files = (
				84E72C69202C75960038455C /* ViewController.swift in Sources */,
				84E72C6F202C75960038455C /* MapsTest.xcdatamodeld in Sources */,
				842FCBAF2034A58200B78F4B /* SetLocationDelegate.swift in Sources */,
				84E72C67202C75960038455C /* AppDelegate.swift in Sources */,
				84618F4B202C96C200F8E1C6 /* GMapsViewController.swift in Sources */,
			);
			runOnlyForDeploymentPostprocessing = 0;
		};
/* End PBXSourcesBuildPhase section */

/* Begin PBXVariantGroup section */
		84E72C6A202C75960038455C /* Main.storyboard */ = {
			isa = PBXVariantGroup;
			children = (
				84E72C6B202C75960038455C /* Base */,
			);
			name = Main.storyboard;
			sourceTree = "<group>";
		};
		84E72C72202C75960038455C /* LaunchScreen.storyboard */ = {
			isa = PBXVariantGroup;
			children = (
				84E72C73202C75960038455C /* Base */,
			);
			name = LaunchScreen.storyboard;
			sourceTree = "<group>";
		};
/* End PBXVariantGroup section */

/* Begin XCBuildConfiguration section */
		84E72C76202C75960038455C /* Debug */ = {
			isa = XCBuildConfiguration;
			buildSettings = {
				ALWAYS_SEARCH_USER_PATHS = NO;
				CLANG_ANALYZER_NONNULL = YES;
				CLANG_ANALYZER_NUMBER_OBJECT_CONVERSION = YES_AGGRESSIVE;
				CLANG_CXX_LANGUAGE_STANDARD = "gnu++14";
				CLANG_CXX_LIBRARY = "libc++";
				CLANG_ENABLE_MODULES = YES;
				CLANG_ENABLE_OBJC_ARC = YES;
				CLANG_WARN_BLOCK_CAPTURE_AUTORELEASING = YES;
				CLANG_WARN_BOOL_CONVERSION = YES;
				CLANG_WARN_COMMA = YES;
				CLANG_WARN_CONSTANT_CONVERSION = YES;
				CLANG_WARN_DIRECT_OBJC_ISA_USAGE = YES_ERROR;
				CLANG_WARN_DOCUMENTATION_COMMENTS = YES;
				CLANG_WARN_EMPTY_BODY = YES;
				CLANG_WARN_ENUM_CONVERSION = YES;
				CLANG_WARN_INFINITE_RECURSION = YES;
				CLANG_WARN_INT_CONVERSION = YES;
				CLANG_WARN_NON_LITERAL_NULL_CONVERSION = YES;
				CLANG_WARN_OBJC_LITERAL_CONVERSION = YES;
				CLANG_WARN_OBJC_ROOT_CLASS = YES_ERROR;
				CLANG_WARN_RANGE_LOOP_ANALYSIS = YES;
				CLANG_WARN_STRICT_PROTOTYPES = YES;
				CLANG_WARN_SUSPICIOUS_MOVE = YES;
				CLANG_WARN_UNGUARDED_AVAILABILITY = YES_AGGRESSIVE;
				CLANG_WARN_UNREACHABLE_CODE = YES;
				CLANG_WARN__DUPLICATE_METHOD_MATCH = YES;
				CODE_SIGN_IDENTITY = "iPhone Developer";
				COPY_PHASE_STRIP = NO;
				DEBUG_INFORMATION_FORMAT = dwarf;
				ENABLE_STRICT_OBJC_MSGSEND = YES;
				ENABLE_TESTABILITY = YES;
				GCC_C_LANGUAGE_STANDARD = gnu11;
				GCC_DYNAMIC_NO_PIC = NO;
				GCC_NO_COMMON_BLOCKS = YES;
				GCC_OPTIMIZATION_LEVEL = 0;
				GCC_PREPROCESSOR_DEFINITIONS = (
					"DEBUG=1",
					"$(inherited)",
				);
				GCC_WARN_64_TO_32_BIT_CONVERSION = YES;
				GCC_WARN_ABOUT_RETURN_TYPE = YES_ERROR;
				GCC_WARN_UNDECLARED_SELECTOR = YES;
				GCC_WARN_UNINITIALIZED_AUTOS = YES_AGGRESSIVE;
				GCC_WARN_UNUSED_FUNCTION = YES;
				GCC_WARN_UNUSED_VARIABLE = YES;
				IPHONEOS_DEPLOYMENT_TARGET = 11.0;
				MTL_ENABLE_DEBUG_INFO = YES;
				ONLY_ACTIVE_ARCH = YES;
				SDKROOT = iphoneos;
				SWIFT_ACTIVE_COMPILATION_CONDITIONS = DEBUG;
				SWIFT_OPTIMIZATION_LEVEL = "-Onone";
			};
			name = Debug;
		};
		84E72C77202C75960038455C /* Release */ = {
			isa = XCBuildConfiguration;
			buildSettings = {
				ALWAYS_SEARCH_USER_PATHS = NO;
				CLANG_ANALYZER_NONNULL = YES;
				CLANG_ANALYZER_NUMBER_OBJECT_CONVERSION = YES_AGGRESSIVE;
				CLANG_CXX_LANGUAGE_STANDARD = "gnu++14";
				CLANG_CXX_LIBRARY = "libc++";
				CLANG_ENABLE_MODULES = YES;
				CLANG_ENABLE_OBJC_ARC = YES;
				CLANG_WARN_BLOCK_CAPTURE_AUTORELEASING = YES;
				CLANG_WARN_BOOL_CONVERSION = YES;
				CLANG_WARN_COMMA = YES;
				CLANG_WARN_CONSTANT_CONVERSION = YES;
				CLANG_WARN_DIRECT_OBJC_ISA_USAGE = YES_ERROR;
				CLANG_WARN_DOCUMENTATION_COMMENTS = YES;
				CLANG_WARN_EMPTY_BODY = YES;
				CLANG_WARN_ENUM_CONVERSION = YES;
				CLANG_WARN_INFINITE_RECURSION = YES;
				CLANG_WARN_INT_CONVERSION = YES;
				CLANG_WARN_NON_LITERAL_NULL_CONVERSION = YES;
				CLANG_WARN_OBJC_LITERAL_CONVERSION = YES;
				CLANG_WARN_OBJC_ROOT_CLASS = YES_ERROR;
				CLANG_WARN_RANGE_LOOP_ANALYSIS = YES;
				CLANG_WARN_STRICT_PROTOTYPES = YES;
				CLANG_WARN_SUSPICIOUS_MOVE = YES;
				CLANG_WARN_UNGUARDED_AVAILABILITY = YES_AGGRESSIVE;
				CLANG_WARN_UNREACHABLE_CODE = YES;
				CLANG_WARN__DUPLICATE_METHOD_MATCH = YES;
				CODE_SIGN_IDENTITY = "iPhone Developer";
				COPY_PHASE_STRIP = NO;
				DEBUG_INFORMATION_FORMAT = "dwarf-with-dsym";
				ENABLE_NS_ASSERTIONS = NO;
				ENABLE_STRICT_OBJC_MSGSEND = YES;
				GCC_C_LANGUAGE_STANDARD = gnu11;
				GCC_NO_COMMON_BLOCKS = YES;
				GCC_WARN_64_TO_32_BIT_CONVERSION = YES;
				GCC_WARN_ABOUT_RETURN_TYPE = YES_ERROR;
				GCC_WARN_UNDECLARED_SELECTOR = YES;
				GCC_WARN_UNINITIALIZED_AUTOS = YES_AGGRESSIVE;
				GCC_WARN_UNUSED_FUNCTION = YES;
				GCC_WARN_UNUSED_VARIABLE = YES;
				IPHONEOS_DEPLOYMENT_TARGET = 11.0;
				MTL_ENABLE_DEBUG_INFO = NO;
				SDKROOT = iphoneos;
				SWIFT_OPTIMIZATION_LEVEL = "-Owholemodule";
				VALIDATE_PRODUCT = YES;
			};
			name = Release;
		};
		84E72C79202C75960038455C /* Debug */ = {
			isa = XCBuildConfiguration;
			baseConfigurationReference = CED67E694D4F9F6ACBD33BE1 /* Pods-MapsTest.debug.xcconfig */;
			buildSettings = {
				ASSETCATALOG_COMPILER_APPICON_NAME = AppIcon;
				"CODE_SIGN_IDENTITY[sdk=iphoneos*]" = "iPhone Developer";
				CODE_SIGN_STYLE = Automatic;
				DEVELOPMENT_TEAM = LDWUKS5K42;
				INFOPLIST_FILE = MapsTest/Info.plist;
				IPHONEOS_DEPLOYMENT_TARGET = 11.0;
				LD_RUNPATH_SEARCH_PATHS = "$(inherited) @executable_path/Frameworks";
				PRODUCT_BUNDLE_IDENTIFIER = TestProject.MapsTest;
				PRODUCT_NAME = "$(TARGET_NAME)";
				PROVISIONING_PROFILE_SPECIFIER = "";
				SWIFT_VERSION = 4.0;
				TARGETED_DEVICE_FAMILY = "1,2";
			};
			name = Debug;
		};
		84E72C7A202C75960038455C /* Release */ = {
			isa = XCBuildConfiguration;
			baseConfigurationReference = 60AF434A6237DD6338036A84 /* Pods-MapsTest.release.xcconfig */;
			buildSettings = {
				ASSETCATALOG_COMPILER_APPICON_NAME = AppIcon;
				"CODE_SIGN_IDENTITY[sdk=iphoneos*]" = "iPhone Developer";
				CODE_SIGN_STYLE = Automatic;
				DEVELOPMENT_TEAM = LDWUKS5K42;
				INFOPLIST_FILE = MapsTest/Info.plist;
				IPHONEOS_DEPLOYMENT_TARGET = 11.0;
				LD_RUNPATH_SEARCH_PATHS = "$(inherited) @executable_path/Frameworks";
				PRODUCT_BUNDLE_IDENTIFIER = TestProject.MapsTest;
				PRODUCT_NAME = "$(TARGET_NAME)";
				PROVISIONING_PROFILE_SPECIFIER = "";
				SWIFT_VERSION = 4.0;
				TARGETED_DEVICE_FAMILY = "1,2";
			};
			name = Release;
		};
/* End XCBuildConfiguration section */

/* Begin XCConfigurationList section */
		84E72C5E202C75950038455C /* Build configuration list for PBXProject "MapsTest" */ = {
			isa = XCConfigurationList;
			buildConfigurations = (
				84E72C76202C75960038455C /* Debug */,
				84E72C77202C75960038455C /* Release */,
			);
			defaultConfigurationIsVisible = 0;
			defaultConfigurationName = Release;
		};
		84E72C78202C75960038455C /* Build configuration list for PBXNativeTarget "MapsTest" */ = {
			isa = XCConfigurationList;
			buildConfigurations = (
				84E72C79202C75960038455C /* Debug */,
				84E72C7A202C75960038455C /* Release */,
			);
			defaultConfigurationIsVisible = 0;
			defaultConfigurationName = Release;
		};
/* End XCConfigurationList section */

/* Begin XCVersionGroup section */
		84E72C6D202C75960038455C /* MapsTest.xcdatamodeld */ = {
			isa = XCVersionGroup;
			children = (
				84E72C6E202C75960038455C /* MapsTest.xcdatamodel */,
			);
			currentVersion = 84E72C6E202C75960038455C /* MapsTest.xcdatamodel */;
			path = MapsTest.xcdatamodeld;
			sourceTree = "<group>";
			versionGroupType = wrapper.xcdatamodel;
		};
/* End XCVersionGroup section */
	};
	rootObject = 84E72C5B202C75950038455C /* Project object */;
}
